Microsoft Visual Studio Solution File, Format Version 12.00
# Visual Studio Version 17
VisualStudioVersion = 17.5.2.0
MinimumVisualStudioVersion = 10.0.40219.1
Project("{FAE04EC0-301F-11D3-BF4B-00C04F79EFBC}") = "Game-Daily-Routine-Launcher", "Game-Daily-Routine-Launcher.csproj", "{AB8695D7-F644-9EBB-97DB-D122EE5C2418}"
EndProject
Project("{FAE04EC0-301F-11D3-BF4B-00C04F79EFBC}") = "MaaaAssortedAssistantArranger.Tests", "src\Tests\MaaaAssortedAssistantArranger.Tests.csproj", "{C5C61520-7DCA-4B5F-96DB-EF25B8E90A46}"
EndProject
Global
	GlobalSection(SolutionConfigurationPlatforms) = preSolution
		Debug|x64 = Debug|x64
		Release|x64 = Release|x64
	EndGlobalSection
	GlobalSection(ProjectConfigurationPlatforms) = postSolution
		{AB8695D7-F644-9EBB-97DB-D122EE5C2418}.Debug|x64.ActiveCfg = Debug|x64
		{AB8695D7-F644-9EBB-97DB-D122EE5C2418}.Debug|x64.Build.0 = Debug|x64
		{AB8695D7-F644-9EBB-97DB-D122EE5C2418}.Release|x64.ActiveCfg = Release|x64
		{AB8695D7-F644-9EBB-97DB-D122EE5C2418}.Release|x64.Build.0 = Release|x64
		{C5C61520-7DCA-4B5F-96DB-EF25B8E90A46}.Debug|x64.ActiveCfg = Debug|x64
		{C5C61520-7DCA-4B5F-96DB-EF25B8E90A46}.Debug|x64.Build.0 = Debug|x64
		{C5C61520-7DCA-4B5F-96DB-EF25B8E90A46}.Release|x64.ActiveCfg = Release|x64
		{C5C61520-7DCA-4B5F-96DB-EF25B8E90A46}.Release|x64.Build.0 = Release|x64
	EndGlobalSection
	GlobalSection(SolutionProperties) = preSolution
		HideSolutionNode = FALSE
	EndGlobalSection
	GlobalSection(ExtensibilityGlobals) = postSolution
		SolutionGuid = {47C11359-EE29-48B6-9324-308251FE8153}
	EndGlobalSection
EndGlobal
